<?xml version="1.0" encoding="utf-8"?>
<Project ToolsVersion="4.0" xmlns="http://schemas.microsoft.com/developer/msbuild/2003">
  <ItemGroup>
    <Filter Include="Source Files">
      <UniqueIdentifier>{afdcf691-41a0-4e00-9283-57607cf3f7ce}</UniqueIdentifier>
    </Filter>
    <Filter Include="Header Files">
      <UniqueIdentifier>{2c071cad-2b33-4300-80be-0f72d0f3709b}</UniqueIdentifier>
    </Filter>
    <Filter Include="Resource Files">
      <UniqueIdentifier>{07ac75bf-e4d5-48d3-bb7b-076aa36dfcfa}</UniqueIdentifier>
    </Filter>
  </ItemGroup>
  <ItemGroup>
    <Image Include="icons\main.ico">
      <Filter>Resource Files</Filter>
    </Image>
    <Image Include="icons\seagosoft.png">
      <Filter>Resource Files</Filter>
    </Image>
  </ItemGroup>
  <ItemGroup>
    <ClInclude Include="resource.h">
      <Filter>Resource Files</Filter>
    </ClInclude>
    <ClInclude Include="CUDACustomeMath.h">
      <Filter>Header Files</Filter>
    </ClInclude>
    <ClInclude Include="FluidSimProc.h">
      <Filter>Header Files</Filter>
    </ClInclude>
    <ClInclude Include="FrameworkDynamic.h">
      <Filter>Header Files</Filter>
    </ClInclude>
    <ClInclude Include="FunctionHelper.h">
      <Filter>Header Files</Filter>
    </ClInclude>
    <ClInclude Include="MacroDefinition.h">
      <Filter>Header Files</Filter>
    </ClInclude>
    <ClInclude Include="Kernels.h">
      <Filter>Header Files</Filter>
    </ClInclude>
  </ItemGroup>
  <ItemGroup>
    <ResourceCompile Include="Xcalibur_v3.rc">
      <Filter>Resource Files</Filter>
    </ResourceCompile>
  </ItemGroup>
  <ItemGroup>
    <ClCompile Include="FrameworkDynamic.cpp">
      <Filter>Source Files</Filter>
    </ClCompile>
    <ClCompile Include="FunctionHelper.cpp">
      <Filter>Source Files</Filter>
    </ClCompile>
    <ClCompile Include="MainDynamic.cpp">
      <Filter>Source Files</Filter>
    </ClCompile>
  </ItemGroup>
  <ItemGroup>
    <CudaCompile Include="FluidSimProcKernels.cu">
      <Filter>Source Files</Filter>
    </CudaCompile>
  </ItemGroup>
</Project>