<?xml version="1.0" encoding="utf-8"?>
<Project ToolsVersion="4.0" xmlns="http://schemas.microsoft.com/developer/msbuild/2003">
  <ItemGroup>
    <Filter Include="Header Files">
      <UniqueIdentifier>{088fe09a-ae4a-46e2-ab40-7490a3176861}</UniqueIdentifier>
    </Filter>
    <Filter Include="Source Files">
      <UniqueIdentifier>{3782546f-2315-4f32-aaef-9fae66fc0941}</UniqueIdentifier>
    </Filter>
    <Filter Include="Resource Files">
      <UniqueIdentifier>{b2ac7951-5330-4d16-9990-ed19fd17a9ff}</UniqueIdentifier>
    </Filter>
  </ItemGroup>
  <ItemGroup>
    <ResourceCompile Include="LocalRefine_x128.rc">
      <Filter>Resource Files</Filter>
    </ResourceCompile>
  </ItemGroup>
  <ItemGroup>
    <Image Include="icons\main.ico">
      <Filter>Resource Files</Filter>
    </Image>
  </ItemGroup>
  <ItemGroup>
    <ClInclude Include="resource.h">
      <Filter>Resource Files</Filter>
    </ClInclude>
    <ClInclude Include="ISO646.h">
      <Filter>Source Files</Filter>
    </ClInclude>
    <ClInclude Include="FluidSimProc.h">
      <Filter>Header Files</Filter>
    </ClInclude>
    <ClInclude Include="FrameworkDynamic.h">
      <Filter>Header Files</Filter>
    </ClInclude>
    <ClInclude Include="FunctionHelper.h">
      <Filter>Header Files</Filter>
    </ClInclude>
    <ClInclude Include="Kernels.h">
      <Filter>Header Files</Filter>
    </ClInclude>
    <ClInclude Include="MacroDefinition.h">
      <Filter>Header Files</Filter>
    </ClInclude>
    <ClInclude Include="TempHeader.h">
      <Filter>Header Files</Filter>
    </ClInclude>
  </ItemGroup>
  <ItemGroup>
    <ClCompile Include="MainDynamic.cpp">
      <Filter>Source Files</Filter>
    </ClCompile>
    <ClCompile Include="FrameworkDynamic.cpp">
      <Filter>Source Files</Filter>
    </ClCompile>
    <ClCompile Include="FunctionHelper.cpp">
      <Filter>Source Files</Filter>
    </ClCompile>
  </ItemGroup>
  <ItemGroup>
    <CudaCompile Include="NavierStokesSolver.cu">
      <Filter>Source Files</Filter>
    </CudaCompile>
    <CudaCompile Include="FluidSimProc.cu">
      <Filter>Source Files</Filter>
    </CudaCompile>
    <CudaCompile Include="Kernels.cu">
      <Filter>Source Files</Filter>
    </CudaCompile>
  </ItemGroup>
</Project>