
Microsoft Visual Studio Solution File, Format Version 12.00
# Visual Studio 2012
Project("{8BC9CEB8-8B4A-11D0-8D11-00A0C91BC942}") = "cfd", "cfd\cfd.vcxproj", "{E092EA1E-629B-4DC1-A553-510C0E9AB22F}"
EndProject
Project("{8BC9CEB8-8B4A-11D0-8D11-00A0C91BC942}") = "Boiling2D", "Boiling2D\Boiling2D.vcxproj", "{5D40102F-D52C-4A5D-8A29-68661C438793}"
EndProject
Project("{8BC9CEB8-8B4A-11D0-8D11-00A0C91BC942}") = "Jet", "Jet\Jet.vcxproj", "{91DAE412-CC9A-4826-9867-86874BCB0D10}"
EndProject
Global
	GlobalSection(SolutionConfigurationPlatforms) = preSolution
		Debug|Win32 = Debug|Win32
		Release|Win32 = Release|Win32
	EndGlobalSection
	GlobalSection(ProjectConfigurationPlatforms) = postSolution
		{E092EA1E-629B-4DC1-A553-510C0E9AB22F}.Debug|Win32.ActiveCfg = Debug|Win32
		{E092EA1E-629B-4DC1-A553-510C0E9AB22F}.Debug|Win32.Build.0 = Debug|Win32
		{E092EA1E-629B-4DC1-A553-510C0E9AB22F}.Release|Win32.ActiveCfg = Release|Win32
		{E092EA1E-629B-4DC1-A553-510C0E9AB22F}.Release|Win32.Build.0 = Release|Win32
		{5D40102F-D52C-4A5D-8A29-68661C438793}.Debug|Win32.ActiveCfg = Debug|Win32
		{5D40102F-D52C-4A5D-8A29-68661C438793}.Debug|Win32.Build.0 = Debug|Win32
		{5D40102F-D52C-4A5D-8A29-68661C438793}.Release|Win32.ActiveCfg = Release|Win32
		{5D40102F-D52C-4A5D-8A29-68661C438793}.Release|Win32.Build.0 = Release|Win32
		{91DAE412-CC9A-4826-9867-86874BCB0D10}.Debug|Win32.ActiveCfg = Debug|Win32
		{91DAE412-CC9A-4826-9867-86874BCB0D10}.Debug|Win32.Build.0 = Debug|Win32
		{91DAE412-CC9A-4826-9867-86874BCB0D10}.Release|Win32.ActiveCfg = Release|Win32
		{91DAE412-CC9A-4826-9867-86874BCB0D10}.Release|Win32.Build.0 = Release|Win32
	EndGlobalSection
	GlobalSection(SolutionProperties) = preSolution
		HideSolutionNode = FALSE
	EndGlobalSection
EndGlobal
