
Microsoft Visual Studio Solution File, Format Version 12.00
# Visual Studio 2012
Project("{8BC9CEB8-8B4A-11D0-8D11-00A0C91BC942}") = "Original_x128", "Original_x128\Original_x128.vcxproj", "{BF5E04E6-F379-4CF8-A361-EFE656332B8E}"
EndProject
Project("{8BC9CEB8-8B4A-11D0-8D11-00A0C91BC942}") = "Host_x128", "Host_x128\Host_x128.vcxproj", "{AF514BD4-841A-4D7B-8DFB-205A300BD8AF}"
EndProject
Project("{8BC9CEB8-8B4A-11D0-8D11-00A0C91BC942}") = "Speedup_x128", "Speedup_x128\Speedup_x128.vcxproj", "{58546E9C-26DC-41F7-A080-2D3F10BEFE79}"
EndProject
Project("{8BC9CEB8-8B4A-11D0-8D11-00A0C91BC942}") = "JosStam3D", "JosStam2D\JosStam2D.vcxproj", "{0FD7ABAE-F792-475D-9FE1-288DF9473DB9}"
EndProject
Project("{8BC9CEB8-8B4A-11D0-8D11-00A0C91BC942}") = "JosStam", "JosStam\JosStam.vcxproj", "{8EE63D7D-81C3-46F6-AFFD-E3D0B0D5D6A0}"
EndProject
Project("{8BC9CEB8-8B4A-11D0-8D11-00A0C91BC942}") = "MyJosStam3D", "MyJosStam3D\MyJosStam3D.vcxproj", "{EFA27BE9-7202-4E1E-A2BF-35AA77916DCB}"
EndProject
Global
	GlobalSection(SolutionConfigurationPlatforms) = preSolution
		Debug|Win32 = Debug|Win32
		Debug|x64 = Debug|x64
		Release|Win32 = Release|Win32
		Release|x64 = Release|x64
	EndGlobalSection
	GlobalSection(ProjectConfigurationPlatforms) = postSolution
		{BF5E04E6-F379-4CF8-A361-EFE656332B8E}.Debug|Win32.ActiveCfg = Debug|Win32
		{BF5E04E6-F379-4CF8-A361-EFE656332B8E}.Debug|Win32.Build.0 = Debug|Win32
		{BF5E04E6-F379-4CF8-A361-EFE656332B8E}.Debug|x64.ActiveCfg = Debug|x64
		{BF5E04E6-F379-4CF8-A361-EFE656332B8E}.Debug|x64.Build.0 = Debug|x64
		{BF5E04E6-F379-4CF8-A361-EFE656332B8E}.Release|Win32.ActiveCfg = Release|Win32
		{BF5E04E6-F379-4CF8-A361-EFE656332B8E}.Release|Win32.Build.0 = Release|Win32
		{BF5E04E6-F379-4CF8-A361-EFE656332B8E}.Release|x64.ActiveCfg = Release|x64
		{BF5E04E6-F379-4CF8-A361-EFE656332B8E}.Release|x64.Build.0 = Release|x64
		{AF514BD4-841A-4D7B-8DFB-205A300BD8AF}.Debug|Win32.ActiveCfg = Debug|Win32
		{AF514BD4-841A-4D7B-8DFB-205A300BD8AF}.Debug|Win32.Build.0 = Debug|Win32
		{AF514BD4-841A-4D7B-8DFB-205A300BD8AF}.Debug|x64.ActiveCfg = Debug|Win32
		{AF514BD4-841A-4D7B-8DFB-205A300BD8AF}.Release|Win32.ActiveCfg = Release|Win32
		{AF514BD4-841A-4D7B-8DFB-205A300BD8AF}.Release|Win32.Build.0 = Release|Win32
		{AF514BD4-841A-4D7B-8DFB-205A300BD8AF}.Release|x64.ActiveCfg = Release|Win32
		{58546E9C-26DC-41F7-A080-2D3F10BEFE79}.Debug|Win32.ActiveCfg = Debug|Win32
		{58546E9C-26DC-41F7-A080-2D3F10BEFE79}.Debug|Win32.Build.0 = Debug|Win32
		{58546E9C-26DC-41F7-A080-2D3F10BEFE79}.Debug|x64.ActiveCfg = Debug|x64
		{58546E9C-26DC-41F7-A080-2D3F10BEFE79}.Debug|x64.Build.0 = Debug|x64
		{58546E9C-26DC-41F7-A080-2D3F10BEFE79}.Release|Win32.ActiveCfg = Release|Win32
		{58546E9C-26DC-41F7-A080-2D3F10BEFE79}.Release|Win32.Build.0 = Release|Win32
		{58546E9C-26DC-41F7-A080-2D3F10BEFE79}.Release|x64.ActiveCfg = Release|x64
		{58546E9C-26DC-41F7-A080-2D3F10BEFE79}.Release|x64.Build.0 = Release|x64
		{0FD7ABAE-F792-475D-9FE1-288DF9473DB9}.Debug|Win32.ActiveCfg = Debug|Win32
		{0FD7ABAE-F792-475D-9FE1-288DF9473DB9}.Debug|Win32.Build.0 = Debug|Win32
		{0FD7ABAE-F792-475D-9FE1-288DF9473DB9}.Debug|x64.ActiveCfg = Debug|Win32
		{0FD7ABAE-F792-475D-9FE1-288DF9473DB9}.Release|Win32.ActiveCfg = Release|Win32
		{0FD7ABAE-F792-475D-9FE1-288DF9473DB9}.Release|Win32.Build.0 = Release|Win32
		{0FD7ABAE-F792-475D-9FE1-288DF9473DB9}.Release|x64.ActiveCfg = Release|Win32
		{8EE63D7D-81C3-46F6-AFFD-E3D0B0D5D6A0}.Debug|Win32.ActiveCfg = Debug|Win32
		{8EE63D7D-81C3-46F6-AFFD-E3D0B0D5D6A0}.Debug|Win32.Build.0 = Debug|Win32
		{8EE63D7D-81C3-46F6-AFFD-E3D0B0D5D6A0}.Debug|x64.ActiveCfg = Debug|Win32
		{8EE63D7D-81C3-46F6-AFFD-E3D0B0D5D6A0}.Release|Win32.ActiveCfg = Release|Win32
		{8EE63D7D-81C3-46F6-AFFD-E3D0B0D5D6A0}.Release|Win32.Build.0 = Release|Win32
		{8EE63D7D-81C3-46F6-AFFD-E3D0B0D5D6A0}.Release|x64.ActiveCfg = Release|Win32
		{EFA27BE9-7202-4E1E-A2BF-35AA77916DCB}.Debug|Win32.ActiveCfg = Debug|Win32
		{EFA27BE9-7202-4E1E-A2BF-35AA77916DCB}.Debug|Win32.Build.0 = Debug|Win32
		{EFA27BE9-7202-4E1E-A2BF-35AA77916DCB}.Debug|x64.ActiveCfg = Debug|Win32
		{EFA27BE9-7202-4E1E-A2BF-35AA77916DCB}.Release|Win32.ActiveCfg = Release|Win32
		{EFA27BE9-7202-4E1E-A2BF-35AA77916DCB}.Release|Win32.Build.0 = Release|Win32
		{EFA27BE9-7202-4E1E-A2BF-35AA77916DCB}.Release|x64.ActiveCfg = Release|Win32
	EndGlobalSection
	GlobalSection(SolutionProperties) = preSolution
		HideSolutionNode = FALSE
	EndGlobalSection
EndGlobal
