<?xml version="1.0" encoding="utf-8"?>
<Project ToolsVersion="4.0" xmlns="http://schemas.microsoft.com/developer/msbuild/2003">
  <ItemGroup>
    <Filter Include="Source Files">
      <UniqueIdentifier>{4a720f16-1cd5-4bed-ab7d-dab51fd644c3}</UniqueIdentifier>
    </Filter>
    <Filter Include="Resource Files">
      <UniqueIdentifier>{261ff6a6-9e4e-4de8-86c7-abd232ef6dfc}</UniqueIdentifier>
    </Filter>
    <Filter Include="Header Files">
      <UniqueIdentifier>{e09a30f4-92e4-491c-bf0b-35c488e9931a}</UniqueIdentifier>
    </Filter>
  </ItemGroup>
</Project>