<?xml version="1.0" encoding="utf-8"?>
<Project ToolsVersion="4.0" xmlns="http://schemas.microsoft.com/developer/msbuild/2003">
  <ItemGroup>
    <Filter Include="Header Files">
      <UniqueIdentifier>{cb36d5b5-4270-4e5f-8d12-ad646324fd33}</UniqueIdentifier>
    </Filter>
    <Filter Include="Resource Files">
      <UniqueIdentifier>{b7465d10-d79c-4449-ac30-ecca64421466}</UniqueIdentifier>
    </Filter>
    <Filter Include="Source Files">
      <UniqueIdentifier>{cf53d612-2e86-4999-8e4e-09062340f66b}</UniqueIdentifier>
    </Filter>
    <Filter Include="Source Files\helper">
      <UniqueIdentifier>{caa1331b-7acc-4464-852f-4dd9856636db}</UniqueIdentifier>
    </Filter>
  </ItemGroup>
  <ItemGroup>
    <Image Include="app.ico">
      <Filter>Resource Files</Filter>
    </Image>
  </ItemGroup>
  <ItemGroup>
    <ResourceCompile Include="cfd_smoke3D.rc">
      <Filter>Resource Files</Filter>
    </ResourceCompile>
  </ItemGroup>
  <ItemGroup>
    <ClInclude Include="resource.h">
      <Filter>Resource Files</Filter>
    </ClInclude>
    <ClInclude Include="cudaHelper.h">
      <Filter>Header Files</Filter>
    </ClInclude>
    <ClInclude Include="cfdHeaders.h">
      <Filter>Header Files</Filter>
    </ClInclude>
    <ClInclude Include="macroDef.h">
      <Filter>Header Files</Filter>
    </ClInclude>
    <ClInclude Include="visualFramework.h">
      <Filter>Header Files</Filter>
    </ClInclude>
  </ItemGroup>
  <ItemGroup>
    <ClCompile Include="glew32.cpp">
      <Filter>Source Files\helper</Filter>
    </ClCompile>
    <ClCompile Include="launchMain.cpp">
      <Filter>Source Files</Filter>
    </ClCompile>
    <ClCompile Include="visualFramework.cpp">
      <Filter>Source Files</Filter>
    </ClCompile>
  </ItemGroup>
  <ItemGroup>
    <CudaCompile Include="cfdMainKernel.cu">
      <Filter>Source Files</Filter>
    </CudaCompile>
    <CudaCompile Include="DVRKernel.cu">
      <Filter>Source Files</Filter>
    </CudaCompile>
  </ItemGroup>
</Project>