<?xml version="1.0" encoding="utf-8"?>
<Project ToolsVersion="4.0" xmlns="http://schemas.microsoft.com/developer/msbuild/2003">
  <ItemGroup>
    <Filter Include="Source Files">
      <UniqueIdentifier>{0f6ac969-0c77-4f7d-8d18-158c6c380d9e}</UniqueIdentifier>
    </Filter>
    <Filter Include="Resource Files">
      <UniqueIdentifier>{3c9c31e5-f284-4ca9-9721-57b348026673}</UniqueIdentifier>
    </Filter>
    <Filter Include="Header Files">
      <UniqueIdentifier>{583c715d-50ab-463f-b43c-3c98d52311eb}</UniqueIdentifier>
    </Filter>
    <Filter Include="Resource Files\Icon Files">
      <UniqueIdentifier>{5564c9b8-7068-4d02-8cb0-c043375403a7}</UniqueIdentifier>
    </Filter>
    <Filter Include="Resource Files\Shader Files">
      <UniqueIdentifier>{f01264a4-65be-4a64-b419-16a703c339f0}</UniqueIdentifier>
    </Filter>
  </ItemGroup>
  <ItemGroup>
    <ClInclude Include="CUDACustomeMath.h">
      <Filter>Header Files</Filter>
    </ClInclude>
    <ClInclude Include="FluidSimProc.h">
      <Filter>Header Files</Filter>
    </ClInclude>
    <ClInclude Include="FrameworkDynamic.h">
      <Filter>Header Files</Filter>
    </ClInclude>
    <ClInclude Include="FunctionHelper.h">
      <Filter>Header Files</Filter>
    </ClInclude>
    <ClInclude Include="Kernels.h">
      <Filter>Header Files</Filter>
    </ClInclude>
    <ClInclude Include="MacroDefinition.h">
      <Filter>Header Files</Filter>
    </ClInclude>
    <ClInclude Include="resource.h">
      <Filter>Resource Files\Icon Files</Filter>
    </ClInclude>
  </ItemGroup>
  <ItemGroup>
    <ClCompile Include="FrameworkDynamic.cpp">
      <Filter>Source Files</Filter>
    </ClCompile>
    <ClCompile Include="FunctionHelper.cpp">
      <Filter>Source Files</Filter>
    </ClCompile>
    <ClCompile Include="MainDynamic.cpp">
      <Filter>Source Files</Filter>
    </ClCompile>
  </ItemGroup>
  <ItemGroup>
    <CudaCompile Include="FluidSimProcKernels.cu">
      <Filter>Source Files</Filter>
    </CudaCompile>
  </ItemGroup>
  <ItemGroup>
    <None Include="shader\backface.frag">
      <Filter>Resource Files\Shader Files</Filter>
    </None>
    <None Include="shader\backface.vert">
      <Filter>Resource Files\Shader Files</Filter>
    </None>
    <None Include="shader\raycasting.frag">
      <Filter>Resource Files\Shader Files</Filter>
    </None>
    <None Include="shader\raycasting.vert">
      <Filter>Resource Files\Shader Files</Filter>
    </None>
  </ItemGroup>
  <ItemGroup>
    <ResourceCompile Include="fluidsim_large.rc">
      <Filter>Resource Files\Icon Files</Filter>
    </ResourceCompile>
  </ItemGroup>
  <ItemGroup>
    <Image Include="icons\main.ico">
      <Filter>Resource Files\Icon Files</Filter>
    </Image>
  </ItemGroup>
</Project>