<?xml version="1.0" encoding="utf-8"?>
<Project ToolsVersion="4.0" xmlns="http://schemas.microsoft.com/developer/msbuild/2003">
  <ItemGroup>
    <Filter Include="Resource Files">
      <UniqueIdentifier>{0c1e58fd-6349-46b0-ba46-0117040b3aff}</UniqueIdentifier>
    </Filter>
    <Filter Include="Header Files">
      <UniqueIdentifier>{d3e08206-bd02-4c9d-a140-258f34bcce68}</UniqueIdentifier>
    </Filter>
    <Filter Include="Source Files">
      <UniqueIdentifier>{9d5aca8b-bab9-4a57-9ae5-5bf98210137c}</UniqueIdentifier>
    </Filter>
    <Filter Include="Header Files\Kernels">
      <UniqueIdentifier>{0030c4c1-f959-47e4-bb2c-26b9beb360d0}</UniqueIdentifier>
    </Filter>
    <Filter Include="Source Files\Kernels">
      <UniqueIdentifier>{72b4c3e6-134b-48e4-b3eb-ce8ed2e23d81}</UniqueIdentifier>
    </Filter>
  </ItemGroup>
  <ItemGroup>
    <ResourceCompile Include="Xcalibur_v4.rc">
      <Filter>Resource Files</Filter>
    </ResourceCompile>
  </ItemGroup>
  <ItemGroup>
    <Image Include="icons\main.ico">
      <Filter>Resource Files</Filter>
    </Image>
  </ItemGroup>
  <ItemGroup>
    <ClInclude Include="resource.h">
      <Filter>Resource Files</Filter>
    </ClInclude>
    <ClInclude Include="FluidSimProc.h">
      <Filter>Header Files</Filter>
    </ClInclude>
    <ClInclude Include="FrameworkDynamic.h">
      <Filter>Header Files</Filter>
    </ClInclude>
    <ClInclude Include="FunctionHelper.h">
      <Filter>Header Files</Filter>
    </ClInclude>
    <ClInclude Include="MacroDefinition.h">
      <Filter>Header Files</Filter>
    </ClInclude>
    <ClInclude Include="SimulationParam.h">
      <Filter>Header Files</Filter>
    </ClInclude>
    <ClInclude Include="TestingModule.h">
      <Filter>Header Files\Kernels</Filter>
    </ClInclude>
    <ClInclude Include="Kernels.h">
      <Filter>Header Files\Kernels</Filter>
    </ClInclude>
    <ClInclude Include="Navier_Stokes_Kernels.h">
      <Filter>Header Files\Kernels</Filter>
    </ClInclude>
  </ItemGroup>
  <ItemGroup>
    <ClCompile Include="FrameworkDynamic.cpp">
      <Filter>Source Files</Filter>
    </ClCompile>
    <ClCompile Include="FunctionHelper.cpp">
      <Filter>Source Files</Filter>
    </ClCompile>
    <ClCompile Include="MainDynamic.cpp">
      <Filter>Source Files</Filter>
    </ClCompile>
    <ClCompile Include="FluidSimProc.cpp">
      <Filter>Source Files</Filter>
    </ClCompile>
  </ItemGroup>
  <ItemGroup>
    <CudaCompile Include="Kernel.cu">
      <Filter>Source Files\Kernels</Filter>
    </CudaCompile>
    <CudaCompile Include="FluidSimProc.cu">
      <Filter>Source Files\Kernels</Filter>
    </CudaCompile>
  </ItemGroup>
</Project>