<?xml version="1.0" encoding="utf-8"?>
<Project ToolsVersion="4.0" xmlns="http://schemas.microsoft.com/developer/msbuild/2003">
  <ItemGroup>
    <Filter Include="Resource Files">
      <UniqueIdentifier>{c8a9e81e-f284-4623-9c87-a4d026a3fe6d}</UniqueIdentifier>
    </Filter>
    <Filter Include="Header Files">
      <UniqueIdentifier>{fdba47a5-34b4-4c64-8d96-36e4f19229f6}</UniqueIdentifier>
    </Filter>
    <Filter Include="Source Files">
      <UniqueIdentifier>{035506df-75cc-4dcd-97c5-6319e933bf4d}</UniqueIdentifier>
    </Filter>
  </ItemGroup>
  <ItemGroup>
    <CudaCompile Include="Kernels.cu">
      <Filter>Source Files</Filter>
    </CudaCompile>
    <CudaCompile Include="FluidSimProc.cu">
      <Filter>Source Files</Filter>
    </CudaCompile>
  </ItemGroup>
  <ItemGroup>
    <ClInclude Include="MacroDefinition.h">
      <Filter>Header Files</Filter>
    </ClInclude>
    <ClInclude Include="Kernels.h">
      <Filter>Header Files</Filter>
    </ClInclude>
    <ClInclude Include="ISO646.h">
      <Filter>Header Files</Filter>
    </ClInclude>
    <ClInclude Include="FunctionHelper.h">
      <Filter>Header Files</Filter>
    </ClInclude>
    <ClInclude Include="Framework.h">
      <Filter>Header Files</Filter>
    </ClInclude>
    <ClInclude Include="FluidSimProc.h">
      <Filter>Header Files</Filter>
    </ClInclude>
    <ClInclude Include="AtomicFunctions.h">
      <Filter>Header Files</Filter>
    </ClInclude>
    <ClInclude Include="resource.h">
      <Filter>Resource Files</Filter>
    </ClInclude>
  </ItemGroup>
  <ItemGroup>
    <ClCompile Include="Main.cpp">
      <Filter>Source Files</Filter>
    </ClCompile>
    <ClCompile Include="FunctionHelper.cpp">
      <Filter>Source Files</Filter>
    </ClCompile>
    <ClCompile Include="Framework.cpp">
      <Filter>Source Files</Filter>
    </ClCompile>
  </ItemGroup>
  <ItemGroup>
    <Image Include="icons\main.ico">
      <Filter>Resource Files</Filter>
    </Image>
  </ItemGroup>
  <ItemGroup>
    <ResourceCompile Include="Refinement_x128.rc">
      <Filter>Resource Files</Filter>
    </ResourceCompile>
  </ItemGroup>
  <ItemGroup>
    <None Include="shader\backface.frag">
      <Filter>Resource Files</Filter>
    </None>
    <None Include="shader\backface.vert">
      <Filter>Resource Files</Filter>
    </None>
    <None Include="shader\raycasting.frag">
      <Filter>Resource Files</Filter>
    </None>
    <None Include="shader\raycasting.vert">
      <Filter>Resource Files</Filter>
    </None>
  </ItemGroup>
</Project>