<?xml version="1.0" encoding="utf-8"?>
<Project ToolsVersion="4.0" xmlns="http://schemas.microsoft.com/developer/msbuild/2003">
  <ItemGroup>
    <Filter Include="Header Files">
      <UniqueIdentifier>{afb18f80-5c70-46a2-b717-9786f80d95a1}</UniqueIdentifier>
    </Filter>
    <Filter Include="Resource Files">
      <UniqueIdentifier>{72b45852-9655-48f2-900a-129954eecac6}</UniqueIdentifier>
    </Filter>
    <Filter Include="Source Files">
      <UniqueIdentifier>{3a00863e-ad0b-4fb2-9fab-2dadf502230b}</UniqueIdentifier>
    </Filter>
    <Filter Include="Source Files\CUDA">
      <UniqueIdentifier>{8659b3ee-6c9e-4015-b307-db6f2b000af8}</UniqueIdentifier>
    </Filter>
  </ItemGroup>
  <ItemGroup>
    <ClInclude Include="cfdFunctions.h">
      <Filter>Header Files</Filter>
    </ClInclude>
    <ClInclude Include="cfdHeader.h">
      <Filter>Header Files</Filter>
    </ClInclude>
    <ClInclude Include="cudaHelper.h">
      <Filter>Header Files</Filter>
    </ClInclude>
    <ClInclude Include="cudaNewHelper.h">
      <Filter>Header Files</Filter>
    </ClInclude>
    <ClInclude Include="visualFramework.h">
      <Filter>Header Files</Filter>
    </ClInclude>
    <ClInclude Include="resource.h">
      <Filter>Resource Files</Filter>
    </ClInclude>
  </ItemGroup>
  <ItemGroup>
    <ClCompile Include="DensitySolver.cpp">
      <Filter>Source Files</Filter>
    </ClCompile>
    <ClCompile Include="launchMain.cpp">
      <Filter>Source Files</Filter>
    </ClCompile>
    <ClCompile Include="VelocitySolver.cpp">
      <Filter>Source Files</Filter>
    </ClCompile>
    <ClCompile Include="visualFramework.cpp">
      <Filter>Source Files</Filter>
    </ClCompile>
  </ItemGroup>
  <ItemGroup>
    <CudaCompile Include="AddSourceKernel.cu">
      <Filter>Source Files\CUDA</Filter>
    </CudaCompile>
    <CudaCompile Include="AdvectKernel.cu">
      <Filter>Source Files\CUDA</Filter>
    </CudaCompile>
    <CudaCompile Include="DVRKernel.cu">
      <Filter>Source Files\CUDA</Filter>
    </CudaCompile>
    <CudaCompile Include="LineSolverKernel.cu">
      <Filter>Source Files\CUDA</Filter>
    </CudaCompile>
    <CudaCompile Include="ProjectFieldKernel.cu">
      <Filter>Source Files\CUDA</Filter>
    </CudaCompile>
    <CudaCompile Include="SetBoundaryKernel.cu">
      <Filter>Source Files\CUDA</Filter>
    </CudaCompile>
  </ItemGroup>
  <ItemGroup>
    <Image Include="app.ico">
      <Filter>Resource Files</Filter>
    </Image>
  </ItemGroup>
  <ItemGroup>
    <ResourceCompile Include="cfd.rc">
      <Filter>Resource Files</Filter>
    </ResourceCompile>
  </ItemGroup>
</Project>