<?xml version="1.0" encoding="utf-8"?>
<Project ToolsVersion="4.0" xmlns="http://schemas.microsoft.com/developer/msbuild/2003">
  <ItemGroup>
    <Filter Include="Header Files">
      <UniqueIdentifier>{11db55ce-cd9a-4e5f-a14a-03a05a4f876c}</UniqueIdentifier>
    </Filter>
    <Filter Include="Resource Files">
      <UniqueIdentifier>{48da3e0b-8c3d-4708-99ee-da6f550ccdc2}</UniqueIdentifier>
    </Filter>
    <Filter Include="Source Files">
      <UniqueIdentifier>{0fd6527e-5947-4706-8173-12976c08eea0}</UniqueIdentifier>
    </Filter>
  </ItemGroup>
  <ItemGroup>
    <None Include="shader\backface.frag">
      <Filter>Resource Files</Filter>
    </None>
    <None Include="shader\backface.vert">
      <Filter>Resource Files</Filter>
    </None>
    <None Include="shader\raycasting.frag">
      <Filter>Resource Files</Filter>
    </None>
    <None Include="shader\raycasting.vert">
      <Filter>Resource Files</Filter>
    </None>
  </ItemGroup>
  <ItemGroup>
    <ClCompile Include="main.cpp">
      <Filter>Source Files</Filter>
    </ClCompile>
    <ClCompile Include="volumeHelper.cpp">
      <Filter>Source Files</Filter>
    </ClCompile>
    <ClCompile Include="fluidSimImp.cpp">
      <Filter>Source Files</Filter>
    </ClCompile>
  </ItemGroup>
  <ItemGroup>
    <ClInclude Include="fluidsim.h">
      <Filter>Header Files</Filter>
    </ClInclude>
    <ClInclude Include="volumeHelper.h">
      <Filter>Header Files</Filter>
    </ClInclude>
    <ClInclude Include="helper_math.h">
      <Filter>Header Files</Filter>
    </ClInclude>
    <ClInclude Include="myMath.h">
      <Filter>Header Files</Filter>
    </ClInclude>
    <ClInclude Include="bufferOp.h">
      <Filter>Header Files</Filter>
    </ClInclude>
  </ItemGroup>
  <ItemGroup>
    <CudaCompile Include="kernel.cu">
      <Filter>Source Files</Filter>
    </CudaCompile>
  </ItemGroup>
  <ItemGroup>
    <Text Include="functions.cpp" />
  </ItemGroup>
</Project>