<?xml version="1.0" encoding="utf-8"?>
<Project ToolsVersion="4.0" xmlns="http://schemas.microsoft.com/developer/msbuild/2003">
  <ItemGroup>
    <Filter Include="Source Files">
      <UniqueIdentifier>{4fc59f8f-38c0-4570-b290-b9ba79a4fda0}</UniqueIdentifier>
    </Filter>
    <Filter Include="Resource Files">
      <UniqueIdentifier>{d6795820-8aef-44ec-9b8a-5898399b58f2}</UniqueIdentifier>
    </Filter>
    <Filter Include="Header Files">
      <UniqueIdentifier>{62f0a75b-616b-41c7-82d9-611ee515a050}</UniqueIdentifier>
    </Filter>
    <Filter Include="Resource Files\Shader Files">
      <UniqueIdentifier>{ed4edeab-6d81-414e-b3ca-efa7a43b63e7}</UniqueIdentifier>
    </Filter>
    <Filter Include="Resource Files\Resource">
      <UniqueIdentifier>{5e737953-f115-422a-ad41-ece4dbd03b8f}</UniqueIdentifier>
    </Filter>
  </ItemGroup>
  <ItemGroup>
    <ClCompile Include="MainDynamic.cpp">
      <Filter>Source Files</Filter>
    </ClCompile>
    <ClCompile Include="FluidSimProc.cpp">
      <Filter>Source Files</Filter>
    </ClCompile>
    <ClCompile Include="FrameworkDynamic.cpp">
      <Filter>Source Files</Filter>
    </ClCompile>
    <ClCompile Include="FunctionHelper.cpp">
      <Filter>Source Files</Filter>
    </ClCompile>
  </ItemGroup>
  <ItemGroup>
    <None Include="shader\backface.frag">
      <Filter>Resource Files\Shader Files</Filter>
    </None>
    <None Include="shader\backface.vert">
      <Filter>Resource Files\Shader Files</Filter>
    </None>
    <None Include="shader\raycasting.frag">
      <Filter>Resource Files\Shader Files</Filter>
    </None>
    <None Include="shader\raycasting.vert">
      <Filter>Resource Files\Shader Files</Filter>
    </None>
  </ItemGroup>
  <ItemGroup>
    <ResourceCompile Include="fluidsim.rc">
      <Filter>Resource Files\Resource</Filter>
    </ResourceCompile>
  </ItemGroup>
  <ItemGroup>
    <Image Include="icons\main.ico">
      <Filter>Resource Files\Resource</Filter>
    </Image>
  </ItemGroup>
  <ItemGroup>
    <ClInclude Include="resource.h">
      <Filter>Resource Files\Resource</Filter>
    </ClInclude>
    <ClInclude Include="DataStructures.h">
      <Filter>Header Files</Filter>
    </ClInclude>
    <ClInclude Include="FluidSimProc.h">
      <Filter>Header Files</Filter>
    </ClInclude>
    <ClInclude Include="CUDAInterfaces.h">
      <Filter>Header Files</Filter>
    </ClInclude>
    <ClInclude Include="CUDAMacroDef.h">
      <Filter>Header Files</Filter>
    </ClInclude>
    <ClInclude Include="CUDAMathLib.h">
      <Filter>Header Files</Filter>
    </ClInclude>
    <ClInclude Include="FunctionHelper.h">
      <Filter>Header Files</Filter>
    </ClInclude>
    <ClInclude Include="FrameworkDynamic.h">
      <Filter>Header Files</Filter>
    </ClInclude>
  </ItemGroup>
  <ItemGroup>
    <CudaCompile Include="Kernels.cu">
      <Filter>Source Files</Filter>
    </CudaCompile>
    <CudaCompile Include="CUDABasicKernels.cu">
      <Filter>Source Files</Filter>
    </CudaCompile>
  </ItemGroup>
</Project>